
Microsoft Visual Studio Solution File, Format Version 12.00
# Visual Studio Version 16
VisualStudioVersion = 16.0.31129.286
MinimumVisualStudioVersion = 10.0.40219.1
Project("{9A19103F-16F7-4668-BE54-9A1E7A4F7556}") = "CRUDUSUARIOS", "CRUDUSUARIOS\CRUDUSUARIOS.csproj", "{073EF393-E1F3-4B5A-8F25-0CBB9AD33A3B}"
EndProject
Project("{FAE04EC0-301F-11D3-BF4B-00C04F79EFBC}") = "Crudusuarios.core", "Crudusuarios.core\Crudusuarios.core.csproj", "{3EF1ECFE-1C78-40B7-BEE5-A2AF3D537F30}"
EndProject
Project("{FAE04EC0-301F-11D3-BF4B-00C04F79EFBC}") = "Crudusuarios.infraestructura", "Crudusuarios.infraestructura\Crudusuarios.infraestructura.csproj", "{D39E6EF7-7977-4950-83A4-B026F027B8E1}"
EndProject
Global
	GlobalSection(SolutionConfigurationPlatforms) = preSolution
		Debug|Any CPU = Debug|Any CPU
		Release|Any CPU = Release|Any CPU
	EndGlobalSection
	GlobalSection(ProjectConfigurationPlatforms) = postSolution
		{073EF393-E1F3-4B5A-8F25-0CBB9AD33A3B}.Debug|Any CPU.ActiveCfg = Debug|Any CPU
		{073EF393-E1F3-4B5A-8F25-0CBB9AD33A3B}.Debug|Any CPU.Build.0 = Debug|Any CPU
		{073EF393-E1F3-4B5A-8F25-0CBB9AD33A3B}.Release|Any CPU.ActiveCfg = Release|Any CPU
		{073EF393-E1F3-4B5A-8F25-0CBB9AD33A3B}.Release|Any CPU.Build.0 = Release|Any CPU
		{3EF1ECFE-1C78-40B7-BEE5-A2AF3D537F30}.Debug|Any CPU.ActiveCfg = Debug|Any CPU
		{3EF1ECFE-1C78-40B7-BEE5-A2AF3D537F30}.Debug|Any CPU.Build.0 = Debug|Any CPU
		{3EF1ECFE-1C78-40B7-BEE5-A2AF3D537F30}.Release|Any CPU.ActiveCfg = Release|Any CPU
		{3EF1ECFE-1C78-40B7-BEE5-A2AF3D537F30}.Release|Any CPU.Build.0 = Release|Any CPU
		{D39E6EF7-7977-4950-83A4-B026F027B8E1}.Debug|Any CPU.ActiveCfg = Debug|Any CPU
		{D39E6EF7-7977-4950-83A4-B026F027B8E1}.Debug|Any CPU.Build.0 = Debug|Any CPU
		{D39E6EF7-7977-4950-83A4-B026F027B8E1}.Release|Any CPU.ActiveCfg = Release|Any CPU
		{D39E6EF7-7977-4950-83A4-B026F027B8E1}.Release|Any CPU.Build.0 = Release|Any CPU
	EndGlobalSection
	GlobalSection(SolutionProperties) = preSolution
		HideSolutionNode = FALSE
	EndGlobalSection
	GlobalSection(ExtensibilityGlobals) = postSolution
		SolutionGuid = {9C4C9387-A122-4A63-89DA-A2BBCDC82232}
	EndGlobalSection
EndGlobal
